{
  "version": 4,
  "terraform_version": "1.11.3",
  "serial": 12,
  "lineage": "ea1625fc-5aa9-87e2-1a92-382dee223629",
  "outputs": {},
  "resources": [
    {
      "mode": "managed",
      "type": "aws_internet_gateway",
      "name": "awsb66-vpc1-ig",
      "provider": "provider[\"registry.terraform.io/hashicorp/aws\"]",
      "instances": [
        {
          "schema_version": 0,
          "attributes": {
            "arn": "arn:aws:ec2:us-east-1:010438465876:internet-gateway/igw-08b2361741567ac35",
            "id": "igw-08b2361741567ac35",
            "owner_id": "010438465876",
            "tags": {
              "Name": "awsb66-vpc1-ig"
            },
            "tags_all": {
              "Name": "awsb66-vpc1-ig"
            },
            "timeouts": null,
            "vpc_id": "vpc-0a5cef2a9c55efaf4"
          },
          "sensitive_attributes": [],
          "private": "eyJlMmJmYjczMC1lY2FhLTExZTYtOGY4OC0zNDM2M2JjN2M0YzAiOnsiY3JlYXRlIjoxMjAwMDAwMDAwMDAwLCJkZWxldGUiOjEyMDAwMDAwMDAwMDAsInVwZGF0ZSI6MTIwMDAwMDAwMDAwMH19",
          "dependencies": [
            "aws_vpc.awsb66-vpc-1"
          ]
        }
      ]
    },
    {
      "mode": "managed",
      "type": "aws_internet_gateway",
      "name": "awsb66-vpc2-ig",
      "provider": "provider[\"registry.terraform.io/hashicorp/aws\"]",
      "instances": [
        {
          "schema_version": 0,
          "attributes": {
            "arn": "arn:aws:ec2:us-east-1:010438465876:internet-gateway/igw-09b4e488fe3747dab",
            "id": "igw-09b4e488fe3747dab",
            "owner_id": "010438465876",
            "tags": {
              "Name": "awsb66-vpc2-ig"
            },
            "tags_all": {
              "Name": "awsb66-vpc2-ig"
            },
            "timeouts": null,
            "vpc_id": "vpc-0982607f33b9f14b0"
          },
          "sensitive_attributes": [],
          "private": "eyJlMmJmYjczMC1lY2FhLTExZTYtOGY4OC0zNDM2M2JjN2M0YzAiOnsiY3JlYXRlIjoxMjAwMDAwMDAwMDAwLCJkZWxldGUiOjEyMDAwMDAwMDAwMDAsInVwZGF0ZSI6MTIwMDAwMDAwMDAwMH19",
          "dependencies": [
            "aws_vpc.awsb66-vpc-2"
          ]
        }
      ]
    },
    {
      "mode": "managed",
      "type": "aws_internet_gateway",
      "name": "awsb66-vpc3-ig",
      "provider": "provider[\"registry.terraform.io/hashicorp/aws\"]",
      "instances": [
        {
          "schema_version": 0,
          "attributes": {
            "arn": "arn:aws:ec2:us-east-1:010438465876:internet-gateway/igw-0fa04351e456e80f6",
            "id": "igw-0fa04351e456e80f6",
            "owner_id": "010438465876",
            "tags": {
              "Name": "awsb66-vpc3-ig"
            },
            "tags_all": {
              "Name": "awsb66-vpc3-ig"
            },
            "timeouts": null,
            "vpc_id": "vpc-0c85f1814ec996d42"
          },
          "sensitive_attributes": [],
          "private": "eyJlMmJmYjczMC1lY2FhLTExZTYtOGY4OC0zNDM2M2JjN2M0YzAiOnsiY3JlYXRlIjoxMjAwMDAwMDAwMDAwLCJkZWxldGUiOjEyMDAwMDAwMDAwMDAsInVwZGF0ZSI6MTIwMDAwMDAwMDAwMH19",
          "dependencies": [
            "aws_vpc.awsb66-vpc-3"
          ]
        }
      ]
    },
    {
      "mode": "managed",
      "type": "aws_vpc",
      "name": "awsb66-vpc-1",
      "provider": "provider[\"registry.terraform.io/hashicorp/aws\"]",
      "instances": [
        {
          "schema_version": 1,
          "attributes": {
            "arn": "arn:aws:ec2:us-east-1:010438465876:vpc/vpc-0a5cef2a9c55efaf4",
            "assign_generated_ipv6_cidr_block": false,
            "cidr_block": "10.1.0.0/16",
            "default_network_acl_id": "acl-064c659f0138332a5",
            "default_route_table_id": "rtb-076f0dd8159a3a1fa",
            "default_security_group_id": "sg-07ead26ecc57b7679",
            "dhcp_options_id": "dopt-0123704a91405ed94",
            "enable_dns_hostnames": true,
            "enable_dns_support": true,
            "enable_network_address_usage_metrics": false,
            "id": "vpc-0a5cef2a9c55efaf4",
            "instance_tenancy": "default",
            "ipv4_ipam_pool_id": null,
            "ipv4_netmask_length": null,
            "ipv6_association_id": "",
            "ipv6_cidr_block": "",
            "ipv6_cidr_block_network_border_group": "",
            "ipv6_ipam_pool_id": "",
            "ipv6_netmask_length": 0,
            "main_route_table_id": "rtb-076f0dd8159a3a1fa",
            "owner_id": "010438465876",
            "tags": {
              "Name": "awsb66-vpc-1"
            },
            "tags_all": {
              "Name": "awsb66-vpc-1"
            }
          },
          "sensitive_attributes": [],
          "private": "eyJzY2hlbWFfdmVyc2lvbiI6IjEifQ=="
        }
      ]
    },
    {
      "mode": "managed",
      "type": "aws_vpc",
      "name": "awsb66-vpc-2",
      "provider": "provider[\"registry.terraform.io/hashicorp/aws\"]",
      "instances": [
        {
          "schema_version": 1,
          "attributes": {
            "arn": "arn:aws:ec2:us-east-1:010438465876:vpc/vpc-0982607f33b9f14b0",
            "assign_generated_ipv6_cidr_block": false,
            "cidr_block": "10.2.0.0/16",
            "default_network_acl_id": "acl-0d57fda9ee4c3b023",
            "default_route_table_id": "rtb-07d12dedc88f6fb47",
            "default_security_group_id": "sg-0cbfa25fc5c7fad08",
            "dhcp_options_id": "dopt-0123704a91405ed94",
            "enable_dns_hostnames": true,
            "enable_dns_support": true,
            "enable_network_address_usage_metrics": false,
            "id": "vpc-0982607f33b9f14b0",
            "instance_tenancy": "default",
            "ipv4_ipam_pool_id": null,
            "ipv4_netmask_length": null,
            "ipv6_association_id": "",
            "ipv6_cidr_block": "",
            "ipv6_cidr_block_network_border_group": "",
            "ipv6_ipam_pool_id": "",
            "ipv6_netmask_length": 0,
            "main_route_table_id": "rtb-07d12dedc88f6fb47",
            "owner_id": "010438465876",
            "tags": {
              "Name": "awsb66-vpc-2"
            },
            "tags_all": {
              "Name": "awsb66-vpc-2"
            }
          },
          "sensitive_attributes": [],
          "private": "eyJzY2hlbWFfdmVyc2lvbiI6IjEifQ=="
        }
      ]
    },
    {
      "mode": "managed",
      "type": "aws_vpc",
      "name": "awsb66-vpc-3",
      "provider": "provider[\"registry.terraform.io/hashicorp/aws\"]",
      "instances": [
        {
          "schema_version": 1,
          "attributes": {
            "arn": "arn:aws:ec2:us-east-1:010438465876:vpc/vpc-0c85f1814ec996d42",
            "assign_generated_ipv6_cidr_block": false,
            "cidr_block": "10.3.0.0/16",
            "default_network_acl_id": "acl-03d25212767620605",
            "default_route_table_id": "rtb-070b3ba0f38d2acde",
            "default_security_group_id": "sg-0fd2f6538b349ffc8",
            "dhcp_options_id": "dopt-0123704a91405ed94",
            "enable_dns_hostnames": true,
            "enable_dns_support": true,
            "enable_network_address_usage_metrics": false,
            "id": "vpc-0c85f1814ec996d42",
            "instance_tenancy": "default",
            "ipv4_ipam_pool_id": null,
            "ipv4_netmask_length": null,
            "ipv6_association_id": "",
            "ipv6_cidr_block": "",
            "ipv6_cidr_block_network_border_group": "",
            "ipv6_ipam_pool_id": "",
            "ipv6_netmask_length": 0,
            "main_route_table_id": "rtb-070b3ba0f38d2acde",
            "owner_id": "010438465876",
            "tags": {
              "Name": "awsb66-vpc-3"
            },
            "tags_all": {
              "Name": "awsb66-vpc-3"
            }
          },
          "sensitive_attributes": [],
          "private": "eyJzY2hlbWFfdmVyc2lvbiI6IjEifQ=="
        }
      ]
    }
  ],
  "check_results": null
}
